PODS:
  - Alamofire (4.7.0)
  - BulletinBoard (1.3.0)
  - Charts (3.0.3):
    - Charts/Core (= 3.0.3)
  - Charts/Core (3.0.3)
  - CollieGallery (0.6.0)
  - Crashlytics (3.9.3):
    - Fabric (~> 1.7.2)
  - CropViewController (2.3.5):
    - TOCropViewController
  - Fabric (1.7.2)
  - Firebase/Core (4.3.0):
    - FirebaseAnalytics (= 4.0.4)
    - FirebaseCore (= 4.0.8)
  - Firebase/Messaging (4.3.0):
    - Firebase/Core
    - FirebaseMessaging (= 2.0.4)
  - FirebaseAnalytics (4.0.4):
    - FirebaseCore (~> 4.0)
    - FirebaseInstanceID (~> 2.0)
    - GoogleToolboxForMac/NSData+zlib (~> 2.1)
    - nanopb (~> 0.3)
  - FirebaseCore (4.0.8):
    - GoogleToolboxForMac/NSData+zlib (~> 2.1)
    - nanopb (~> 0.3)
  - FirebaseInstanceID (2.0.4)
  - FirebaseMessaging (2.0.4):
    - FirebaseAnalytics (~> 4.0)
    - FirebaseCore (~> 4.0)
    - FirebaseInstanceID (~> 2.0)
    - GoogleToolboxForMac/Logger (~> 2.1)
    - Protobuf (~> 3.1)
  - Google-Mobile-Ads-SDK (7.24.1)
  - GoogleToolboxForMac/Defines (2.1.3)
  - GoogleToolboxForMac/Logger (2.1.3):
    - GoogleToolboxForMac/Defines (= 2.1.3)
  - GoogleToolboxForMac/NSData+zlib (2.1.3):
    - GoogleToolboxForMac/Defines (= 2.1.3)
  - MBProgressHUD (1.0.0)
  - nanopb (0.3.8):
    - nanopb/decode (= 0.3.8)
    - nanopb/encode (= 0.3.8)
  - nanopb/decode (0.3.8)
  - nanopb/encode (0.3.8)
  - Protobuf (3.4.0)
  - SDWebImage (4.2.2):
    - SDWebImage/Core (= 4.2.2)
  - SDWebImage/Core (4.2.2)
  - SideMenu (3.0.2)
  - Socket.IO-Client-Swift (12.0.0):
    - StarscreamSocketIO (~> 8.0.7)
  - StarscreamSocketIO (8.0.7)
  - SwiftyJSON (2.3.2)
  - TOCropViewController (2.3.5)

DEPENDENCIES:
  - Alamofire (~> 4.0)
  - BulletinBoard
  - Charts (= 3.0.3)
  - CollieGallery (= 0.6.0)
  - Crashlytics (~> 3.9.3)
  - CropViewController (= 2.3.5)
  - Fabric (~> 1.7.2)
  - Firebase/Core
  - Firebase/Messaging
  - Google-Mobile-Ads-SDK
  - MBProgressHUD (~> 1.0.0)
  - SDWebImage (~> 4.0)
  - SideMenu
  - Socket.IO-Client-Swift (~> 12.0.0)
  - SwiftyJSON (from `https://github.com/BaiduHiDeviOS/SwiftyJSON.git`, branch `swift3`)

EXTERNAL SOURCES:
  SwiftyJSON:
    :branch: swift3
    :git: https://github.com/BaiduHiDeviOS/SwiftyJSON.git

CHECKOUT OPTIONS:
  SwiftyJSON:
    :commit: de5dc3b1b421805769590d331178551bbb0e5733
    :git: https://github.com/BaiduHiDeviOS/SwiftyJSON.git

SPEC CHECKSUMS:
  Alamofire: 907e0a98eb68cdb7f9d1f541a563d6ac5dc77b25
  BulletinBoard: 23c9d98cac654fd484d76f2a0655669974e9bd9c
  Charts: bcde37724c161958c1438dd4883971fcb2d50c06
  CollieGallery: b8fcf63af6b31add2f435f5aee4742ae3b84cb3b
  Crashlytics: dbb07d01876c171c5ccbdf7826410380189e452c
  CropViewController: 73a095de5605b017afdf34c6f2604569e147bcbd
  Fabric: 9cd6a848efcf1b8b07497e0b6a2e7d336353ba15
  Firebase: 83283761a1ef6dc9846e03d08059f51421afbd65
  FirebaseAnalytics: 722b53c7b32bfc7806b06e0093a2f5180d4f2c5a
  FirebaseCore: 69b1a5ac5f857ba6d5fd9d5fe794f4786dd5e579
  FirebaseInstanceID: 70c2b877e9338971b2429ea5a4293df6961aa44e
  FirebaseMessaging: 3dd86bfda2acb680b05c97f3f8ac566e9bb87b2a
  Google-Mobile-Ads-SDK: ed8004a7265b424568dc84f3d2bbe3ea3fff958f
  GoogleToolboxForMac: 2501e2ad72a52eb3dfe7bd9aee7dad11b858bd20
  MBProgressHUD: 4890f671c94e8a0f3cf959aa731e9de2f036d71a
  nanopb: 5601e6bca2dbf1ed831b519092ec110f66982ca3
  Protobuf: 03eef2ee0b674770735cf79d9c4d3659cf6908e8
  SDWebImage: 89a9d32cd520bbb46eb14e541d5109b3564af198
  SideMenu: 8fe957e0f5dcf1a1175c8ba5d47978d4eb2a89da
  Socket.IO-Client-Swift: 5b0154b42b3892bfb4c44fa138cbeb8afec4f6ef
  StarscreamSocketIO: 00b54e4208481ca5cef089545353aaf126bae16d
  SwiftyJSON: 6118fb49d7519c4d31a0c1f3d5af936e9047b556
  TOCropViewController: a21b39c910d161600a26b6e3f89a58707afaa4f8

PODFILE CHECKSUM: 5b8384403917dcdc44a6002e0aa95a2c8d9c9273

COCOAPODS: 1.3.1
